
Microsoft Visual Studio Solution File, Format Version 12.00
# Visual Studio 2012
Project("{FAE04EC0-301F-11D3-BF4B-00C04F79EFBC}") = "PhonewordMultiscreen", "PhonewordMultiscreen\PhonewordMultiscreen.csproj", "{7EC7AEDC-6178-4D62-8417-994BF9494060}"
EndProject
Project("{FAE04EC0-301F-11D3-BF4B-00C04F79EFBC}") = "PhonewordMultiscreen.UITests", "PhonewordMultiscreen.UITests\PhonewordMultiscreen.UITests.csproj", "{8C28C23C-0918-49FE-835A-16C1676DD9F1}"
EndProject
Global
	GlobalSection(SolutionConfigurationPlatforms) = preSolution
		Debug|Any CPU = Debug|Any CPU
		Release|Any CPU = Release|Any CPU
	EndGlobalSection
	GlobalSection(ProjectConfigurationPlatforms) = postSolution
		{7EC7AEDC-6178-4D62-8417-994BF9494060}.Debug|Any CPU.ActiveCfg = Debug|Any CPU
		{7EC7AEDC-6178-4D62-8417-994BF9494060}.Debug|Any CPU.Build.0 = Debug|Any CPU
		{7EC7AEDC-6178-4D62-8417-994BF9494060}.Release|Any CPU.ActiveCfg = Release|Any CPU
		{7EC7AEDC-6178-4D62-8417-994BF9494060}.Release|Any CPU.Build.0 = Release|Any CPU
		{8C28C23C-0918-49FE-835A-16C1676DD9F1}.Debug|Any CPU.ActiveCfg = Debug|Any CPU
		{8C28C23C-0918-49FE-835A-16C1676DD9F1}.Debug|Any CPU.Build.0 = Debug|Any CPU
		{8C28C23C-0918-49FE-835A-16C1676DD9F1}.Release|Any CPU.ActiveCfg = Release|Any CPU
		{8C28C23C-0918-49FE-835A-16C1676DD9F1}.Release|Any CPU.Build.0 = Release|Any CPU
	EndGlobalSection
EndGlobal
